
Microsoft Visual Studio Solution File, Format Version 12.00
# Visual Studio 15
VisualStudioVersion = 15.0.27130.2020
MinimumVisualStudioVersion = 10.0.40219.1
Project("{FAE04EC0-301F-11D3-BF4B-00C04F79EFBC}") = "Recoconsoleapp", "Recoconsoleapp\Recoconsoleapp.csproj", "{279F5404-0BAE-4EC3-BF1F-A7CCD1C85D05}"
EndProject
Global
	GlobalSection(SolutionConfigurationPlatforms) = preSolution
		Debug|Any CPU = Debug|Any CPU
		Release|Any CPU = Release|Any CPU
	EndGlobalSection
	GlobalSection(ProjectConfigurationPlatforms) = postSolution
		{279F5404-0BAE-4EC3-BF1F-A7CCD1C85D05}.Debug|Any CPU.ActiveCfg = Debug|Any CPU
		{279F5404-0BAE-4EC3-BF1F-A7CCD1C85D05}.Debug|Any CPU.Build.0 = Debug|Any CPU
		{279F5404-0BAE-4EC3-BF1F-A7CCD1C85D05}.Release|Any CPU.ActiveCfg = Release|Any CPU
		{279F5404-0BAE-4EC3-BF1F-A7CCD1C85D05}.Release|Any CPU.Build.0 = Release|Any CPU
	EndGlobalSection
	GlobalSection(SolutionProperties) = preSolution
		HideSolutionNode = FALSE
	EndGlobalSection
	GlobalSection(ExtensibilityGlobals) = postSolution
		SolutionGuid = {7C2A1759-B285-49D4-B48E-2C1D59F83095}
	EndGlobalSection
EndGlobal
